
Microsoft Visual Studio Solution File, Format Version 12.00
# Visual Studio Version 17
VisualStudioVersion = 17.6.33815.320
MinimumVisualStudioVersion = 10.0.40219.1
Project("{FAE04EC0-301F-11D3-BF4B-00C04F79EFBC}") = "lastonegooo", "lastonegooo\lastonegooo.csproj", "{831851CB-6037-44C9-BDE5-5E696BF50543}"
EndProject
Global
	GlobalSection(SolutionConfigurationPlatforms) = preSolution
		Debug|Any CPU = Debug|Any CPU
		Release|Any CPU = Release|Any CPU
	EndGlobalSection
	GlobalSection(ProjectConfigurationPlatforms) = postSolution
		{831851CB-6037-44C9-BDE5-5E696BF50543}.Debug|Any CPU.ActiveCfg = Debug|Any CPU
		{831851CB-6037-44C9-BDE5-5E696BF50543}.Debug|Any CPU.Build.0 = Debug|Any CPU
		{831851CB-6037-44C9-BDE5-5E696BF50543}.Release|Any CPU.ActiveCfg = Release|Any CPU
		{831851CB-6037-44C9-BDE5-5E696BF50543}.Release|Any CPU.Build.0 = Release|Any CPU
	EndGlobalSection
	GlobalSection(SolutionProperties) = preSolution
		HideSolutionNode = FALSE
	EndGlobalSection
	GlobalSection(ExtensibilityGlobals) = postSolution
		SolutionGuid = {56DB971C-9779-41A5-933C-3B1BEEC55B39}
	EndGlobalSection
EndGlobal
